
Microsoft Visual Studio Solution File, Format Version 12.00
# Visual Studio Version 16
VisualStudioVersion = 16.0.29926.136
MinimumVisualStudioVersion = 10.0.40219.1
Project("{FAE04EC0-301F-11D3-BF4B-00C04F79EFBC}") = "Cgi-Api", "Cgi-Api\Cgi-Api.csproj", "{A65B3543-CCD1-4D15-8764-F69FB4B24148}"
EndProject
Project("{FAE04EC0-301F-11D3-BF4B-00C04F79EFBC}") = "Cgi-Api.Services", "Cgi-Api.Services\Cgi-Api.Services.csproj", "{3748EA8F-BC32-4846-8185-EB41D0CECCD0}"
EndProject
Project("{FAE04EC0-301F-11D3-BF4B-00C04F79EFBC}") = "Cgi-Api.Models", "Cgi-Api.Models\Cgi-Api.Models.csproj", "{2C296302-66B0-4AFE-8561-27DDFB92210B}"
EndProject
Project("{FAE04EC0-301F-11D3-BF4B-00C04F79EFBC}") = "Cgi-Api.Composition", "Cgi-Api.Composition\Cgi-Api.Composition.csproj", "{57D976EF-6DE8-48DC-B896-6E910983EB60}"
EndProject
Project("{FAE04EC0-301F-11D3-BF4B-00C04F79EFBC}") = "Cgi-Api.DataAccess", "Cgi-Api.DataAccess\Cgi-Api.DataAccess.csproj", "{3D53ED50-B8D2-4C6A-A81E-CBE12145DDA8}"
EndProject
Global
	GlobalSection(SolutionConfigurationPlatforms) = preSolution
		Debug|Any CPU = Debug|Any CPU
		Release|Any CPU = Release|Any CPU
	EndGlobalSection
	GlobalSection(ProjectConfigurationPlatforms) = postSolution
		{A65B3543-CCD1-4D15-8764-F69FB4B24148}.Debug|Any CPU.ActiveCfg = Debug|Any CPU
		{A65B3543-CCD1-4D15-8764-F69FB4B24148}.Debug|Any CPU.Build.0 = Debug|Any CPU
		{A65B3543-CCD1-4D15-8764-F69FB4B24148}.Release|Any CPU.ActiveCfg = Release|Any CPU
		{A65B3543-CCD1-4D15-8764-F69FB4B24148}.Release|Any CPU.Build.0 = Release|Any CPU
		{3748EA8F-BC32-4846-8185-EB41D0CECCD0}.Debug|Any CPU.ActiveCfg = Debug|Any CPU
		{3748EA8F-BC32-4846-8185-EB41D0CECCD0}.Debug|Any CPU.Build.0 = Debug|Any CPU
		{3748EA8F-BC32-4846-8185-EB41D0CECCD0}.Release|Any CPU.ActiveCfg = Release|Any CPU
		{3748EA8F-BC32-4846-8185-EB41D0CECCD0}.Release|Any CPU.Build.0 = Release|Any CPU
		{2C296302-66B0-4AFE-8561-27DDFB92210B}.Debug|Any CPU.ActiveCfg = Debug|Any CPU
		{2C296302-66B0-4AFE-8561-27DDFB92210B}.Debug|Any CPU.Build.0 = Debug|Any CPU
		{2C296302-66B0-4AFE-8561-27DDFB92210B}.Release|Any CPU.ActiveCfg = Release|Any CPU
		{2C296302-66B0-4AFE-8561-27DDFB92210B}.Release|Any CPU.Build.0 = Release|Any CPU
		{57D976EF-6DE8-48DC-B896-6E910983EB60}.Debug|Any CPU.ActiveCfg = Debug|Any CPU
		{57D976EF-6DE8-48DC-B896-6E910983EB60}.Debug|Any CPU.Build.0 = Debug|Any CPU
		{57D976EF-6DE8-48DC-B896-6E910983EB60}.Release|Any CPU.ActiveCfg = Release|Any CPU
		{57D976EF-6DE8-48DC-B896-6E910983EB60}.Release|Any CPU.Build.0 = Release|Any CPU
		{3D53ED50-B8D2-4C6A-A81E-CBE12145DDA8}.Debug|Any CPU.ActiveCfg = Debug|Any CPU
		{3D53ED50-B8D2-4C6A-A81E-CBE12145DDA8}.Debug|Any CPU.Build.0 = Debug|Any CPU
		{3D53ED50-B8D2-4C6A-A81E-CBE12145DDA8}.Release|Any CPU.ActiveCfg = Release|Any CPU
		{3D53ED50-B8D2-4C6A-A81E-CBE12145DDA8}.Release|Any CPU.Build.0 = Release|Any CPU
	EndGlobalSection
	GlobalSection(SolutionProperties) = preSolution
		HideSolutionNode = FALSE
	EndGlobalSection
	GlobalSection(ExtensibilityGlobals) = postSolution
		SolutionGuid = {FEA756FD-FB78-4235-8753-E33069476710}
	EndGlobalSection
EndGlobal
